GEM
  remote: https://rubygems.org/
  specs:
    dotenv (3.2.0)

PLATFORMS
  x64-mingw-ucrt

DEPENDENCIES
  dotenv

CHECKSUMS
  bundler (4.0.12) sha256=7f8b757d28dfb636e7b24fba2344ac6dd13b5b24f4b46d62573d483f211825ac
  dotenv (3.2.0) sha256=e375b83121ea7ca4ce20f214740076129ab8514cd81378161f11c03853fe619d

BUNDLED WITH
  4.0.12
