GEM
  remote: https://rubygems.org/
  specs:
    json (2.19.9)
    uri (1.1.1)

PLATFORMS
  x64-mingw-ucrt

DEPENDENCIES
  json
  uri

CHECKSUMS
  bundler (4.0.12) sha256=7f8b757d28dfb636e7b24fba2344ac6dd13b5b24f4b46d62573d483f211825ac
  json (2.19.9) sha256=9b9025b7cdddafa38d316eca0b2358488e42d417045c1b90d216a9fefe46b79a
  uri (1.1.1) sha256=379fa58d27ffb1387eaada68c749d1426738bd0f654d812fcc07e7568f5c57c6

BUNDLED WITH
  4.0.12
